
Microsoft Visual Studio Solution File, Format Version 12.00
# Visual Studio Version 17
VisualStudioVersion = 17.8.34322.80
MinimumVisualStudioVersion = 10.0.40219.1
Project("{FAE04EC0-301F-11D3-BF4B-00C04F79EFBC}") = "RunningKeyV2", "RunningKeyV2.csproj", "{00670DBA-906B-4820-8FA5-2306F704A947}"
EndProject
Global
	GlobalSection(SolutionConfigurationPlatforms) = preSolution
		Debug|Any CPU = Debug|Any CPU
		Release|Any CPU = Release|Any CPU
	EndGlobalSection
	GlobalSection(ProjectConfigurationPlatforms) = postSolution
		{00670DBA-906B-4820-8FA5-2306F704A947}.Debug|Any CPU.ActiveCfg = Debug|Any CPU
		{00670DBA-906B-4820-8FA5-2306F704A947}.Debug|Any CPU.Build.0 = Debug|Any CPU
		{00670DBA-906B-4820-8FA5-2306F704A947}.Release|Any CPU.ActiveCfg = Release|Any CPU
		{00670DBA-906B-4820-8FA5-2306F704A947}.Release|Any CPU.Build.0 = Release|Any CPU
	EndGlobalSection
	GlobalSection(SolutionProperties) = preSolution
		HideSolutionNode = FALSE
	EndGlobalSection
	GlobalSection(ExtensibilityGlobals) = postSolution
		SolutionGuid = {57B0B4E0-48A3-4B3A-87F4-80D9D4D634A1}
	EndGlobalSection
EndGlobal
